
Microsoft Visual Studio Solution File, Format Version 12.00
# Visual Studio Version 16
VisualStudioVersion = 16.0.29403.142
MinimumVisualStudioVersion = 10.0.40219.1
Project("{9A19103F-16F7-4668-BE54-9A1E7A4F7556}") = "MagicStoragePlus", "MagicStoragePlus.csproj", "{0CA45D96-30CC-40C9-8118-EF49C546C381}"
EndProject
Global
	GlobalSection(SolutionConfigurationPlatforms) = preSolution
		Debug|Any CPU = Debug|Any CPU
		Release|Any CPU = Release|Any CPU
	EndGlobalSection
	GlobalSection(ProjectConfigurationPlatforms) = postSolution
		{0CA45D96-30CC-40C9-8118-EF49C546C381}.Debug|Any CPU.ActiveCfg = Debug|Any CPU
		{0CA45D96-30CC-40C9-8118-EF49C546C381}.Debug|Any CPU.Build.0 = Debug|Any CPU
		{0CA45D96-30CC-40C9-8118-EF49C546C381}.Release|Any CPU.ActiveCfg = Release|Any CPU
		{0CA45D96-30CC-40C9-8118-EF49C546C381}.Release|Any CPU.Build.0 = Release|Any CPU
	EndGlobalSection
	GlobalSection(SolutionProperties) = preSolution
		HideSolutionNode = FALSE
	EndGlobalSection
	GlobalSection(ExtensibilityGlobals) = postSolution
		SolutionGuid = {EB273F80-8983-474F-A3FF-B0FAF24D3B2E}
	EndGlobalSection
EndGlobal
